
Microsoft Visual Studio Solution File, Format Version 12.00
# Visual Studio Version 17
VisualStudioVersion = 17.13.35806.99 d17.13
MinimumVisualStudioVersion = 10.0.40219.1
Project("{FAE04EC0-301F-11D3-BF4B-00C04F79EFBC}") = "PodWave_Player", "PodWave_Player\PodWave_Player.csproj", "{D331FAEF-FC2E-4F15-9084-A9359357705F}"
EndProject
Global
	GlobalSection(SolutionConfigurationPlatforms) = preSolution
		Debug|Any CPU = Debug|Any CPU
		Release|Any CPU = Release|Any CPU
	EndGlobalSection
	GlobalSection(ProjectConfigurationPlatforms) = postSolution
		{D331FAEF-FC2E-4F15-9084-A9359357705F}.Debug|Any CPU.ActiveCfg = Debug|Any CPU
		{D331FAEF-FC2E-4F15-9084-A9359357705F}.Debug|Any CPU.Build.0 = Debug|Any CPU
		{D331FAEF-FC2E-4F15-9084-A9359357705F}.Release|Any CPU.ActiveCfg = Release|Any CPU
		{D331FAEF-FC2E-4F15-9084-A9359357705F}.Release|Any CPU.Build.0 = Release|Any CPU
	EndGlobalSection
	GlobalSection(SolutionProperties) = preSolution
		HideSolutionNode = FALSE
	EndGlobalSection
	GlobalSection(ExtensibilityGlobals) = postSolution
		SolutionGuid = {9FE9125A-3450-449A-A21B-4533508AD4FE}
	EndGlobalSection
EndGlobal
